
Microsoft Visual Studio Solution File, Format Version 12.00
# Visual Studio 14
VisualStudioVersion = 14.0.25420.1
MinimumVisualStudioVersion = 10.0.40219.1
Project("{FAE04EC0-301F-11D3-BF4B-00C04F79EFBC}") = "Honeybee", "Honeybee.csproj", "{DC87EA09-7E80-4EFF-9CF9-0B9BE658F8CD}"
EndProject
Global
	GlobalSection(SolutionConfigurationPlatforms) = preSolution
		Debug|Any CPU = Debug|Any CPU
		Release|Any CPU = Release|Any CPU
	EndGlobalSection
	GlobalSection(ProjectConfigurationPlatforms) = postSolution
		{DC87EA09-7E80-4EFF-9CF9-0B9BE658F8CD}.Debug|Any CPU.ActiveCfg = Debug|Any CPU
		{DC87EA09-7E80-4EFF-9CF9-0B9BE658F8CD}.Debug|Any CPU.Build.0 = Debug|Any CPU
		{DC87EA09-7E80-4EFF-9CF9-0B9BE658F8CD}.Release|Any CPU.ActiveCfg = Release|Any CPU
		{DC87EA09-7E80-4EFF-9CF9-0B9BE658F8CD}.Release|Any CPU.Build.0 = Release|Any CPU
	EndGlobalSection
	GlobalSection(SolutionProperties) = preSolution
		HideSolutionNode = FALSE
	EndGlobalSection
EndGlobal
